
Microsoft Visual Studio Solution File, Format Version 12.00
# Visual Studio Version 17
VisualStudioVersion = 17.0.32014.148
MinimumVisualStudioVersion = 10.0.40219.1
Project("{9A19103F-16F7-4668-BE54-9A1E7A4F7556}") = "EscrowTabWebAPI", "EscrowTabWebAPI\EscrowTabWebAPI.csproj", "{626BAD39-754F-4936-A43A-D7C6AFED3AB8}"
EndProject
Global
	GlobalSection(SolutionConfigurationPlatforms) = preSolution
		Debug|Any CPU = Debug|Any CPU
		Release|Any CPU = Release|Any CPU
	EndGlobalSection
	GlobalSection(ProjectConfigurationPlatforms) = postSolution
		{626BAD39-754F-4936-A43A-D7C6AFED3AB8}.Debug|Any CPU.ActiveCfg = Debug|Any CPU
		{626BAD39-754F-4936-A43A-D7C6AFED3AB8}.Debug|Any CPU.Build.0 = Debug|Any CPU
		{626BAD39-754F-4936-A43A-D7C6AFED3AB8}.Release|Any CPU.ActiveCfg = Release|Any CPU
		{626BAD39-754F-4936-A43A-D7C6AFED3AB8}.Release|Any CPU.Build.0 = Release|Any CPU
	EndGlobalSection
	GlobalSection(SolutionProperties) = preSolution
		HideSolutionNode = FALSE
	EndGlobalSection
	GlobalSection(ExtensibilityGlobals) = postSolution
		SolutionGuid = {AA697691-0574-4D20-BF20-DE5C72E3A87D}
	EndGlobalSection
EndGlobal
